
Microsoft Visual Studio Solution File, Format Version 12.00
# Visual Studio 15
Project("{FAE04EC0-301F-11D3-BF4B-00C04F79EFBC}") = "CodeWithKertic", "CodeWithKertic\CodeWithKertic.csproj", "{740903EA-FD42-44B7-865A-9D6F39F0F2BF}"
EndProject
Global
	GlobalSection(SolutionConfigurationPlatforms) = preSolution
		Debug|Any CPU = Debug|Any CPU
		Release|Any CPU = Release|Any CPU
	EndGlobalSection
	GlobalSection(ProjectConfigurationPlatforms) = postSolution
		{740903EA-FD42-44B7-865A-9D6F39F0F2BF}.Debug|Any CPU.ActiveCfg = Debug|Any CPU
		{740903EA-FD42-44B7-865A-9D6F39F0F2BF}.Debug|Any CPU.Build.0 = Debug|Any CPU
		{740903EA-FD42-44B7-865A-9D6F39F0F2BF}.Release|Any CPU.ActiveCfg = Release|Any CPU
		{740903EA-FD42-44B7-865A-9D6F39F0F2BF}.Release|Any CPU.Build.0 = Release|Any CPU
	EndGlobalSection
EndGlobal
